{
    "_readme": [
        "This file locks the dependencies of your project to a known state",
        "Read more about it at https://getcomposer.org/doc/01-basic-usage.md#composer-lock-the-lock-file",
        "This file is @generated automatically"
    ],
    "hash": "46fde69708ade3450d9cf5ac2b7ad2a9",
    "content-hash": "64be69845bafc2544e847b1886b4f6ea",
    "packages": [
        {
            "name": "battis/data-utilities",
            "version": "dev-master",
            "source": {
                "type": "git",
                "url": "https://github.com/battis/data-utilities.git",
                "reference": "2675320d7b9099c0689a6db9e2262ea70d40742f"
            },
            "dist": {
                "type": "zip",
                "url": "https://api.github.com/repos/battis/data-utilities/zipball/2675320d7b9099c0689a6db9e2262ea70d40742f",
                "reference": "2675320d7b9099c0689a6db9e2262ea70d40742f",
                "shasum": ""
            },
            "type": "library",
            "autoload": {
                "psr-4": {
                    "Battis\\": ""
                }
            },
            "notification-url": "https://packagist.org/downloads/",
            "license": [
                "GPL-3.0"
            ],
            "authors": [
                {
                    "name": "Seth Battis",
                    "email": "sethbattis@stmarksschool.org"
                }
            ],
            "description": "A handful of useful helper functions to process data",
            "time": "2015-10-11 14:54:59"
        },
        {
            "name": "battis/simplecache",
            "version": "v1.2.2",
            "source": {
                "type": "git",
                "url": "https://github.com/battis/simplecache.git",
                "reference": "5298aed74cd3911675b2bec147c346ed25261210"
            },
            "dist": {
                "type": "zip",
                "url": "https://api.github.com/repos/battis/simplecache/zipball/5298aed74cd3911675b2bec147c346ed25261210",
                "reference": "5298aed74cd3911675b2bec147c346ed25261210",
                "shasum": ""
            },
            "type": "library",
            "autoload": {
                "classmap": [
                    ""
                ]
            },
            "notification-url": "https://packagist.org/downloads/",
            "license": [
                "LGPL-3.0"
            ],
            "authors": [
                {
                    "name": "Seth Battis",
                    "email": "seth@battis.net"
                }
            ],
            "description": "Manage a simple cache backed by a MySQL database",
            "time": "2015-12-17 02:04:27"
        },
        {
            "name": "smarty/smarty",
            "version": "dev-master",
            "source": {
                "type": "git",
                "url": "https://github.com/smarty-php/smarty.git",
                "reference": "b7118b6bebe696aeb280b6c2d5f1b4b07b1bfed3"
            },
            "dist": {
                "type": "zip",
                "url": "https://api.github.com/repos/smarty-php/smarty/zipball/b7118b6bebe696aeb280b6c2d5f1b4b07b1bfed3",
                "reference": "b7118b6bebe696aeb280b6c2d5f1b4b07b1bfed3",
                "shasum": ""
            },
            "require": {
                "php": ">=5.2"
            },
            "type": "library",
            "extra": {
                "branch-alias": {
                    "dev-master": "3.1.x-dev"
                }
            },
            "autoload": {
                "classmap": [
                    "libs/Smarty.class.php",
                    "libs/SmartyBC.class.php",
                    "libs/sysplugins/"
                ]
            },
            "notification-url": "https://packagist.org/downloads/",
            "license": [
                "LGPL-3.0"
            ],
            "authors": [
                {
                    "name": "Monte Ohrt",
                    "email": "monte@ohrt.com"
                },
                {
                    "name": "Uwe Tews",
                    "email": "uwe.tews@googlemail.com"
                },
                {
                    "name": "Rodney Rehm",
                    "email": "rodney.rehm@medialize.de"
                }
            ],
            "description": "Smarty - the compiling PHP template engine",
            "homepage": "http://www.smarty.net",
            "keywords": [
                "templating"
            ],
            "time": "2015-12-16 21:32:07"
        },
        {
            "name": "smtech/stmarks-colors",
            "version": "dev-master",
            "source": {
                "type": "git",
                "url": "https://github.com/smtech/stmarks-colors.git",
                "reference": "efbcce5b1a9289dfa64ba33d385613b7cbc93a8a"
            },
            "dist": {
                "type": "zip",
                "url": "https://api.github.com/repos/smtech/stmarks-colors/zipball/efbcce5b1a9289dfa64ba33d385613b7cbc93a8a",
                "reference": "efbcce5b1a9289dfa64ba33d385613b7cbc93a8a",
                "shasum": ""
            },
            "type": "library",
            "autoload": {
                "psr-4": {
                    "smtech\\": ""
                }
            },
            "notification-url": "https://packagist.org/downloads/",
            "license": [
                "LGPL-3.0"
            ],
            "authors": [
                {
                    "name": "Seth Battis",
                    "email": "sethbattis@stmarksschool.org"
                }
            ],
            "description": "An object-ified, consistent set of hex colors for St. Mark’s projects",
            "time": "2015-08-20 20:17:08"
        },
        {
            "name": "smtech/stmarkssmarty",
            "version": "dev-master",
            "source": {
                "type": "git",
                "url": "https://github.com/smtech/stmarkssmarty.git",
                "reference": "2940435c1d5f28e13ff38bdda07e05a01b20291d"
            },
            "dist": {
                "type": "zip",
                "url": "https://api.github.com/repos/smtech/stmarkssmarty/zipball/2940435c1d5f28e13ff38bdda07e05a01b20291d",
                "reference": "2940435c1d5f28e13ff38bdda07e05a01b20291d",
                "shasum": ""
            },
            "require": {
                "battis/data-utilities": "dev-master",
                "smarty/smarty": "3.1.*",
                "smtech/stmarks-colors": "dev-master"
            },
            "suggest": {
                "battis/appmetadata": "MySQL-backed globals array for app metadata storage",
                "eternicode/bootstrap-datepicker": "The full Bootstrap Datepicker package for local install"
            },
            "type": "library",
            "autoload": {
                "classmap": [
                    ""
                ]
            },
            "notification-url": "https://packagist.org/downloads/",
            "license": [
                "LGPL-3.0"
            ],
            "authors": [
                {
                    "name": "Seth Battis",
                    "email": "sethbattis@stmarksschool.org"
                }
            ],
            "description": "A standard Smarty install for St. Mark's projects",
            "time": "2015-12-04 02:16:30"
        }
    ],
    "packages-dev": [],
    "aliases": [],
    "minimum-stability": "dev",
    "stability-flags": {
        "smtech/stmarks-colors": 20,
        "smtech/stmarkssmarty": 20,
        "battis/data-utilities": 20
    },
    "prefer-stable": false,
    "prefer-lowest": false,
    "platform": {
        "ext-tidy": "~2.0"
    },
    "platform-dev": []
}
